
Microsoft Visual Studio Solution File, Format Version 12.00
# Visual Studio Version 16
VisualStudioVersion = 16.0.29709.97
MinimumVisualStudioVersion = 10.0.40219.1
Project("{8BC9CEB8-8B4A-11D0-8D11-00A0C91BC942}") = "jsonParser", "jsonParser\jsonParser.vcxproj", "{FD5C2AFF-06C2-4C87-8CBA-B414C35B2268}"
EndProject
Global
	GlobalSection(SolutionConfigurationPlatforms) = preSolution
		Debug|x64 = Debug|x64
		Debug|x86 = Debug|x86
		Release|x64 = Release|x64
		Release|x86 = Release|x86
	EndGlobalSection
	GlobalSection(ProjectConfigurationPlatforms) = postSolution
		{FD5C2AFF-06C2-4C87-8CBA-B414C35B2268}.Debug|x64.ActiveCfg = Debug|x64
		{FD5C2AFF-06C2-4C87-8CBA-B414C35B2268}.Debug|x64.Build.0 = Debug|x64
		{FD5C2AFF-06C2-4C87-8CBA-B414C35B2268}.Debug|x86.ActiveCfg = Debug|Win32
		{FD5C2AFF-06C2-4C87-8CBA-B414C35B2268}.Debug|x86.Build.0 = Debug|Win32
		{FD5C2AFF-06C2-4C87-8CBA-B414C35B2268}.Release|x64.ActiveCfg = Release|x64
		{FD5C2AFF-06C2-4C87-8CBA-B414C35B2268}.Release|x64.Build.0 = Release|x64
		{FD5C2AFF-06C2-4C87-8CBA-B414C35B2268}.Release|x86.ActiveCfg = Release|Win32
		{FD5C2AFF-06C2-4C87-8CBA-B414C35B2268}.Release|x86.Build.0 = Release|Win32
	EndGlobalSection
	GlobalSection(SolutionProperties) = preSolution
		HideSolutionNode = FALSE
	EndGlobalSection
	GlobalSection(ExtensibilityGlobals) = postSolution
		SolutionGuid = {36B4D296-E562-4890-9BF7-A5928388EB5D}
	EndGlobalSection
EndGlobal
